<?xml version="1.0" encoding="utf-8"?>
<Project ToolsVersion="4.0" xmlns="http://schemas.microsoft.com/developer/msbuild/2003">
  <ItemGroup>
    <Filter Include="Source Files">
      <UniqueIdentifier>{4FC737F1-C7A5-4376-A066-2A32D752A2FF}</UniqueIdentifier>
      <Extensions>cpp;c;cc;cxx;def;odl;idl;hpj;bat;asm;asmx</Extensions>
    </Filter>
    <Filter Include="Header Files">
      <UniqueIdentifier>{93995380-89BD-4b04-88EB-625FBE52EBFB}</UniqueIdentifier>
      <Extensions>h;hh;hpp;hxx;hm;inl;inc;xsd</Extensions>
    </Filter>
    <Filter Include="Resource Files">
      <UniqueIdentifier>{67DA6AB6-F800-4c08-8B7A-83BB121AAD01}</UniqueIdentifier>
      <Extensions>rc;ico;cur;bmp;dlg;rc2;rct;bin;rgs;gif;jpg;jpeg;jpe;resx;tiff;tif;png;wav;mfcribbon-ms</Extensions>
    </Filter>
  </ItemGroup>
  <ItemGroup>
    <ClInclude Include="stdafx.h">
      <Filter>Header Files</Filter>
    </ClInclude>
    <ClInclude Include="RJISTypes.h">
      <Filter>Header Files</Filter>
    </ClInclude>
    <ClInclude Include="RJISMaps.h">
      <Filter>Header Files</Filter>
    </ClInclude>
    <ClInclude Include="RJISAnalyser.h">
      <Filter>Header Files</Filter>
    </ClInclude>
    <ClInclude Include="globals.h">
      <Filter>Header Files</Filter>
    </ClInclude>
    <ClInclude Include="PrintProgress.h">
      <Filter>Header Files</Filter>
    </ClInclude>
    <ClInclude Include="ReaderThreads.h">
      <Filter>Header Files</Filter>
    </ClInclude>
    <ClInclude Include="ProcessFareList.h">
      <Filter>Header Files</Filter>
    </ClInclude>
    <ClInclude Include="ServerManagement.h">
      <Filter>Header Files</Filter>
    </ClInclude>
    <ClInclude Include="ServerSocket.h">
      <Filter>Header Files</Filter>
    </ClInclude>
    <ClInclude Include="HTTPManager.h">
      <Filter>Header Files</Filter>
    </ClInclude>
    <ClInclude Include="ExTCPTable.h">
      <Filter>Header Files</Filter>
    </ClInclude>
    <ClInclude Include="msgthread.h">
      <Filter>Header Files</Filter>
    </ClInclude>
    <ClInclude Include="ActiveStations.h">
      <Filter>Header Files</Filter>
    </ClInclude>
    <ClInclude Include="config.h">
      <Filter>Header Files</Filter>
    </ClInclude>
    <ClInclude Include="tixmlutil.h">
      <Filter>Header Files</Filter>
    </ClInclude>
    <ClInclude Include="ReadIDMS.h">
      <Filter>Header Files</Filter>
    </ClInclude>
    <ClInclude Include="JSONUtils.h">
      <Filter>Header Files</Filter>
    </ClInclude>
    <ClInclude Include="FareDebug.h">
      <Filter>Header Files</Filter>
    </ClInclude>
    <ClInclude Include="LineParsers.h">
      <Filter>Header Files</Filter>
    </ClInclude>
    <ClInclude Include="RJISTTMaps.h">
      <Filter>Header Files</Filter>
    </ClInclude>
    <ClInclude Include="TTTypes.h">
      <Filter>Header Files</Filter>
    </ClInclude>
    <ClInclude Include="mimetypesmap.h">
      <Filter>Header Files</Filter>
    </ClInclude>
    <ClInclude Include="ProcessTimetableRequest.h">
      <Filter>Header Files</Filter>
    </ClInclude>
    <ClInclude Include="FareSearchParams.h">
      <Filter>Header Files</Filter>
    </ClInclude>
    <ClInclude Include="JourneyPlanner.h">
      <Filter>Header Files</Filter>
    </ClInclude>
    <ClInclude Include="RelatedStations.h">
      <Filter>Header Files</Filter>
    </ClInclude>
  </ItemGroup>
  <ItemGroup>
    <ClCompile Include="stdafx.cpp">
      <Filter>Source Files</Filter>
    </ClCompile>
    <ClCompile Include="pf3.cpp">
      <Filter>Source Files</Filter>
    </ClCompile>
    <ClCompile Include="RJISTypes.cpp">
      <Filter>Source Files</Filter>
    </ClCompile>
    <ClCompile Include="RJISMaps.cpp">
      <Filter>Source Files</Filter>
    </ClCompile>
    <ClCompile Include="RJISAnalyser.cpp">
      <Filter>Source Files</Filter>
    </ClCompile>
    <ClCompile Include="globals.cpp">
      <Filter>Source Files</Filter>
    </ClCompile>
    <ClCompile Include="PrintProgress.cpp">
      <Filter>Source Files</Filter>
    </ClCompile>
    <ClCompile Include="ReaderThreads.cpp">
      <Filter>Source Files</Filter>
    </ClCompile>
    <ClCompile Include="ProcessFareList.cpp">
      <Filter>Source Files</Filter>
    </ClCompile>
    <ClCompile Include="ServerManagement.cpp">
      <Filter>Source Files</Filter>
    </ClCompile>
    <ClCompile Include="ServerSocket.cpp">
      <Filter>Source Files</Filter>
    </ClCompile>
    <ClCompile Include="HTTPManager.cpp">
      <Filter>Source Files</Filter>
    </ClCompile>
    <ClCompile Include="ExTCPTable.cpp">
      <Filter>Source Files</Filter>
    </ClCompile>
    <ClCompile Include="msgthread.cpp">
      <Filter>Source Files</Filter>
    </ClCompile>
    <ClCompile Include="ActiveStations.cpp">
      <Filter>Source Files</Filter>
    </ClCompile>
    <ClCompile Include="config.cpp">
      <Filter>Source Files</Filter>
    </ClCompile>
    <ClCompile Include="tixmlutil.cpp">
      <Filter>Source Files</Filter>
    </ClCompile>
    <ClCompile Include="ReadIDMS.cpp">
      <Filter>Source Files</Filter>
    </ClCompile>
    <ClCompile Include="LineParsers.cpp">
      <Filter>Source Files</Filter>
    </ClCompile>
    <ClCompile Include="RJISTTMaps.cpp">
      <Filter>Source Files</Filter>
    </ClCompile>
    <ClCompile Include="TTTypes.cpp">
      <Filter>Source Files</Filter>
    </ClCompile>
    <ClCompile Include="TiplocToNLC.cpp">
      <Filter>Source Files</Filter>
    </ClCompile>
    <ClCompile Include="mimetypesmap.cpp">
      <Filter>Source Files</Filter>
    </ClCompile>
    <ClCompile Include="ProcessTimetableRequest.cpp">
      <Filter>Source Files</Filter>
    </ClCompile>
    <ClCompile Include="FareSearchParams.cpp">
      <Filter>Source Files</Filter>
    </ClCompile>
    <ClCompile Include="JourneyPlanner.cpp">
      <Filter>Source Files</Filter>
    </ClCompile>
    <ClCompile Include="RelatedStations.cpp">
      <Filter>Source Files</Filter>
    </ClCompile>
  </ItemGroup>
  <ItemGroup>
    <None Include="..\webtesters\front2.html" />
    <None Include="..\webtesters\front3.html" />
    <None Include="..\webtesters\ac1.html" />
    <None Include="..\webtesters\resp1.js" />
    <None Include="..\plusbus.vsdx" />
    <None Include="test.js" />
    <None Include="jsresult.js" />
    <None Include="..\webtesters\index.html" />
  </ItemGroup>
  <ItemGroup>
    <Xml Include="pfconfig.xml" />
  </ItemGroup>
  <ItemGroup>
    <Text Include="..\notes.txt" />
  </ItemGroup>
</Project>